{
  "version": 4,
  "terraform_version": "1.0.8",
  "serial": 3,
  "lineage": "f9c4e6b3-a383-cece-35e0-30e876221320",
  "outputs": {},
  "resources": [
    {
      "mode": "managed",
      "type": "azurerm_resource_group",
      "name": "myrg",
      "provider": "provider[\"registry.terraform.io/hashicorp/azurerm\"]",
      "instances": [
        {
          "schema_version": 0,
          "attributes": {
            "id": "/subscriptions/e22093e4-2629-4111-a7ca-6ce29a9e97f8/resourceGroups/hr-qa-myrg",
            "location": "eastus",
            "name": "hr-qa-myrg",
            "tags": {
              "Owner": "Gopal Das",
              "Service": "Demo Service"
            },
            "timeouts": null
          },
          "sensitive_attributes": [],
          "private": "eyJlMmJmYjczMC1lY2FhLTExZTYtOGY4OC0zNDM2M2JjN2M0YzAiOnsiY3JlYXRlIjo1NDAwMDAwMDAwMDAwLCJkZWxldGUiOjU0MDAwMDAwMDAwMDAsInJlYWQiOjMwMDAwMDAwMDAwMCwidXBkYXRlIjo1NDAwMDAwMDAwMDAwfX0="
        }
      ]
    },
    {
      "mode": "managed",
      "type": "azurerm_virtual_network",
      "name": "myvnet",
      "provider": "provider[\"registry.terraform.io/hashicorp/azurerm\"]",
      "instances": [
        {
          "schema_version": 0,
          "attributes": {
            "address_space": [
              "10.1.0.0/16",
              "10.2.0.0/16",
              "10.3.0.0/16"
            ],
            "bgp_community": "",
            "ddos_protection_plan": [],
            "dns_servers": [],
            "flow_timeout_in_minutes": 0,
            "guid": "40d15a6e-4e40-4f2f-b8f1-198c6f85e0f5",
            "id": "/subscriptions/e22093e4-2629-4111-a7ca-6ce29a9e97f8/resourceGroups/hr-qa-myrg/providers/Microsoft.Network/virtualNetworks/hr-qa-myvnet",
            "location": "eastus",
            "name": "hr-qa-myvnet",
            "resource_group_name": "hr-qa-myrg",
            "subnet": [],
            "tags": {
              "Owner": "Gopal Das",
              "Service": "Demo Service"
            },
            "timeouts": null,
            "vm_protection_enabled": false
          },
          "sensitive_attributes": [],
          "private": "eyJlMmJmYjczMC1lY2FhLTExZTYtOGY4OC0zNDM2M2JjN2M0YzAiOnsiY3JlYXRlIjoxODAwMDAwMDAwMDAwLCJkZWxldGUiOjE4MDAwMDAwMDAwMDAsInJlYWQiOjMwMDAwMDAwMDAwMCwidXBkYXRlIjoxODAwMDAwMDAwMDAwfX0=",
          "dependencies": [
            "azurerm_resource_group.myrg"
          ]
        }
      ]
    }
  ]
}
